# This file is automatically @generated by Cargo.
# It is not intended for manual editing.
version = 3

[[package]]
name = "aho-corasick"
version = "0.7.19"
source = "registry+https://github.com/rust-lang/crates.io-index"
checksum = "b4f55bd91a0978cbfd91c457a164bab8b4001c833b7f323132c0a4e1922dd44e"
dependencies = [
 "memchr",
]

[[package]]
name = "autocfg"
version = "1.1.0"
source = "registry+https://github.com/rust-lang/crates.io-index"
checksum = "d468802bab17cbc0cc575e9b053f41e72aa36bfa6b7f55e3529ffa43161b97fa"

[[package]]
name = "bare-metal"
version = "1.0.0"
source = "registry+https://github.com/rust-lang/crates.io-index"
checksum = "f8fe8f5a8a398345e52358e18ff07cc17a568fbca5c6f73873d3a62056309603"

[[package]]
name = "bit_field"
version = "0.10.1"
source = "registry+https://github.com/rust-lang/crates.io-index"
checksum = "dcb6dd1c2376d2e096796e234a70e17e94cc2d5d54ff8ce42b28cef1d0d359a4"

[[package]]
name = "bitflags"
version = "1.3.2"
source = "registry+https://github.com/rust-lang/crates.io-index"
checksum = "bef38d45163c2f1dde094a7dfd33ccf595c92905c8f8f4fdc18d06fb1037718a"

[[package]]
name = "buddy_system_allocator"
version = "0.6.0"
source = "registry+https://github.com/rust-lang/crates.io-index"
checksum = "b4e85e760e105b46ae0bd1236578793c6c147ae7463fe95c8350296b8bfcb830"
dependencies = [
 "spin 0.7.1",
]

[[package]]
name = "cfg-if"
version = "1.0.0"
source = "registry+https://github.com/rust-lang/crates.io-index"
checksum = "baf1de4339761588bc0619e3cbc0120ee582ebb74b53b4efbf79117bd2da40fd"

[[package]]
name = "cortex-a"
version = "7.5.0"
source = "registry+https://github.com/rust-lang/crates.io-index"
checksum = "bdecfbb28672ad3664e71ae05a398a52df430d86d660691501b28968cc4467e6"
dependencies = [
 "tock-registers",
]

[[package]]
name = "embedded-hal"
version = "0.2.7"
source = "registry+https://github.com/rust-lang/crates.io-index"
checksum = "35949884794ad573cf46071e41c9b60efb0cb311e3ca01f7af807af1debc66ff"
dependencies = [
 "nb 0.1.3",
 "void",
]

[[package]]
name = "example"
version = "0.1.0"
dependencies = [
 "buddy_system_allocator",
 "lazy_static",
 "log",
 "nvme_driver",
 "pci",
 "riscv 0.9.0",
 "sbi-rt",
]

[[package]]
name = "lazy_static"
version = "1.4.0"
source = "registry+https://github.com/rust-lang/crates.io-index"
checksum = "e2abad23fbc42b3700f2f279844dc832adb2b2eb069b2df918f455c4e18cc646"
dependencies = [
 "spin 0.5.2",
]

[[package]]
name = "lock"
version = "0.1.0"
source = "git+https://github.com/DeathWish5/kernel-sync?rev=8486b8#8486b817a71ec5141836e00c817fefb94c9cfbb7"
dependencies = [
 "cfg-if",
 "cortex-a",
 "raw-cpuid",
 "riscv 0.7.0",
 "spin 0.9.4",
 "tock-registers",
 "x86_64",
]

[[package]]
name = "lock_api"
version = "0.4.9"
source = "registry+https://github.com/rust-lang/crates.io-index"
checksum = "435011366fe56583b16cf956f9df0095b405b82d76425bc8981c0e22e60ec4df"
dependencies = [
 "autocfg",
 "scopeguard",
]

[[package]]
name = "log"
version = "0.4.17"
source = "registry+https://github.com/rust-lang/crates.io-index"
checksum = "abb12e687cfb44aa40f41fc3978ef76448f9b6038cad6aef4259d3c095a2382e"
dependencies = [
 "cfg-if",
]

[[package]]
name = "memchr"
version = "2.5.0"
source = "registry+https://github.com/rust-lang/crates.io-index"
checksum = "2dffe52ecf27772e601905b7522cb4ef790d2cc203488bbd0e2fe85fcb74566d"

[[package]]
name = "nb"
version = "0.1.3"
source = "registry+https://github.com/rust-lang/crates.io-index"
checksum = "801d31da0513b6ec5214e9bf433a77966320625a37860f910be265be6e18d06f"
dependencies = [
 "nb 1.0.0",
]

[[package]]
name = "nb"
version = "1.0.0"
source = "registry+https://github.com/rust-lang/crates.io-index"
checksum = "546c37ac5d9e56f55e73b677106873d9d9f5190605e41a856503623648488cae"

[[package]]
name = "nvme_driver"
version = "0.1.0"
dependencies = [
 "lock",
 "volatile 0.3.0",
]

[[package]]
name = "pci"
version = "0.1.0"
source = "git+https://github.com/elliott10/pci-rs.git?rev=6441576c#6441576cbf3e056b7b2f33b8363c5e01cb86d9b0"
dependencies = [
 "bitflags",
 "log",
]

[[package]]
name = "raw-cpuid"
version = "10.6.0"
source = "registry+https://github.com/rust-lang/crates.io-index"
checksum = "a6823ea29436221176fe662da99998ad3b4db2c7f31e7b6f5fe43adccd6320bb"
dependencies = [
 "bitflags",
]

[[package]]
name = "regex"
version = "1.6.0"
source = "registry+https://github.com/rust-lang/crates.io-index"
checksum = "4c4eb3267174b8c6c2f654116623910a0fef09c4753f8dd83db29c48a0df988b"
dependencies = [
 "aho-corasick",
 "memchr",
 "regex-syntax",
]

[[package]]
name = "regex-syntax"
version = "0.6.27"
source = "registry+https://github.com/rust-lang/crates.io-index"
checksum = "a3f87b73ce11b1619a3c6332f45341e0047173771e8b8b73f87bfeefb7b56244"

[[package]]
name = "riscv"
version = "0.7.0"
source = "git+https://github.com/rust-embedded/riscv?rev=cd31989ba1#cd31989ba11d5d64e1addd8aab98bfb00dd927d5"
dependencies = [
 "bare-metal",
 "bit_field",
 "embedded-hal",
 "riscv-target",
]

[[package]]
name = "riscv"
version = "0.9.0"
source = "registry+https://github.com/rust-lang/crates.io-index"
checksum = "73fc4bc7113424814738fe79755a5764e392b3d4d1bc757e6aa6f61cede32095"
dependencies = [
 "bare-metal",
 "bit_field",
 "embedded-hal",
]

[[package]]
name = "riscv-target"
version = "0.1.2"
source = "registry+https://github.com/rust-lang/crates.io-index"
checksum = "88aa938cda42a0cf62a20cfe8d139ff1af20c2e681212b5b34adb5a58333f222"
dependencies = [
 "lazy_static",
 "regex",
]

[[package]]
name = "rustversion"
version = "1.0.9"
source = "registry+https://github.com/rust-lang/crates.io-index"
checksum = "97477e48b4cf8603ad5f7aaf897467cf42ab4218a38ef76fb14c2d6773a6d6a8"

[[package]]
name = "sbi-rt"
version = "0.0.2"
source = "registry+https://github.com/rust-lang/crates.io-index"
checksum = "8c113c53291db8ac141e01f43224ed488b8d6001ab66737b82e04695a43a42b7"
dependencies = [
 "sbi-spec",
]

[[package]]
name = "sbi-spec"
version = "0.0.4"
source = "registry+https://github.com/rust-lang/crates.io-index"
checksum = "6d4027cf9bb591a9fd0fc0e283be6165c5abe96cb73e9f0e24738c227f425377"
dependencies = [
 "static_assertions",
]

[[package]]
name = "scopeguard"
version = "1.1.0"
source = "registry+https://github.com/rust-lang/crates.io-index"
checksum = "d29ab0c6d3fc0ee92fe66e2d99f700eab17a8d57d1c1d3b748380fb20baa78cd"

[[package]]
name = "spin"
version = "0.5.2"
source = "registry+https://github.com/rust-lang/crates.io-index"
checksum = "6e63cff320ae2c57904679ba7cb63280a3dc4613885beafb148ee7bf9aa9042d"

[[package]]
name = "spin"
version = "0.7.1"
source = "registry+https://github.com/rust-lang/crates.io-index"
checksum = "13287b4da9d1207a4f4929ac390916d64eacfe236a487e9a9f5b3be392be5162"

[[package]]
name = "spin"
version = "0.9.4"
source = "registry+https://github.com/rust-lang/crates.io-index"
checksum = "7f6002a767bff9e83f8eeecf883ecb8011875a21ae8da43bffb817a57e78cc09"
dependencies = [
 "lock_api",
]

[[package]]
name = "static_assertions"
version = "1.1.0"
source = "registry+https://github.com/rust-lang/crates.io-index"
checksum = "a2eb9349b6444b326872e140eb1cf5e7c522154d69e7a0ffb0fb81c06b37543f"

[[package]]
name = "tock-registers"
version = "0.7.0"
source = "registry+https://github.com/rust-lang/crates.io-index"
checksum = "4ee8fba06c1f4d0b396ef61a54530bb6b28f0dc61c38bc8bc5a5a48161e6282e"

[[package]]
name = "void"
version = "1.0.2"
source = "registry+https://github.com/rust-lang/crates.io-index"
checksum = "6a02e4885ed3bc0f2de90ea6dd45ebcbb66dacffe03547fadbb0eeae2770887d"

[[package]]
name = "volatile"
version = "0.3.0"
source = "registry+https://github.com/rust-lang/crates.io-index"
checksum = "f8e76fae08f03f96e166d2dfda232190638c10e0383841252416f9cfe2ae60e6"

[[package]]
name = "volatile"
version = "0.4.5"
source = "registry+https://github.com/rust-lang/crates.io-index"
checksum = "e3ca98349dda8a60ae74e04fd90c7fb4d6a4fbe01e6d3be095478aa0b76f6c0c"

[[package]]
name = "x86_64"
version = "0.14.10"
source = "registry+https://github.com/rust-lang/crates.io-index"
checksum = "100555a863c0092238c2e0e814c1096c1e5cf066a309c696a87e907b5f8c5d69"
dependencies = [
 "bit_field",
 "bitflags",
 "rustversion",
 "volatile 0.4.5",
]
